
Microsoft Visual Studio Solution File, Format Version 12.00
# Visual Studio Version 16
VisualStudioVersion = 16.0.30309.148
MinimumVisualStudioVersion = 10.0.40219.1
Project("{FAE04EC0-301F-11D3-BF4B-00C04F79EFBC}") = "Linq Problems", "Linq Problems\Linq Problems.csproj", "{40C9F080-A819-4A57-9B7D-8473B246B678}"
EndProject
Global
	GlobalSection(SolutionConfigurationPlatforms) = preSolution
		Debug|Any CPU = Debug|Any CPU
		Release|Any CPU = Release|Any CPU
	EndGlobalSection
	GlobalSection(ProjectConfigurationPlatforms) = postSolution
		{40C9F080-A819-4A57-9B7D-8473B246B678}.Debug|Any CPU.ActiveCfg = Debug|Any CPU
		{40C9F080-A819-4A57-9B7D-8473B246B678}.Debug|Any CPU.Build.0 = Debug|Any CPU
		{40C9F080-A819-4A57-9B7D-8473B246B678}.Release|Any CPU.ActiveCfg = Release|Any CPU
		{40C9F080-A819-4A57-9B7D-8473B246B678}.Release|Any CPU.Build.0 = Release|Any CPU
	EndGlobalSection
	GlobalSection(SolutionProperties) = preSolution
		HideSolutionNode = FALSE
	EndGlobalSection
	GlobalSection(ExtensibilityGlobals) = postSolution
		SolutionGuid = {84D552D9-BBEA-4018-AB8F-B0CA93A71571}
	EndGlobalSection
EndGlobal
